[root]
name = "mockups"
version = "0.0.3"
dependencies = [
 "image 0.0.0 (git+https://github.com/PistonDevelopers/rust-image.git#57d900b7dc1b403fed445deef6385ad44fb9fed8)",
 "rust-mustache 0.3.0 (git+https://github.com/tsurai/rust-mustache.git#517c69e3e525c7a06eb45982c5e99777c5923b44)",
 "url 0.1.0 (git+https://github.com/servo/rust-url.git#55b18b796ef2cef5490069dd450c60c2cc2c0c1b)",
]

[[package]]
name = "encoding"
version = "0.1.0"
source = "git+https://github.com/lifthrasiir/rust-encoding#ff55916fec8b5bf8667a74d5a060c8c951f28fe0"

[[package]]
name = "image"
version = "0.0.0"
source = "git+https://github.com/PistonDevelopers/rust-image.git#57d900b7dc1b403fed445deef6385ad44fb9fed8"

[[package]]
name = "rust-mustache"
version = "0.3.0"
source = "git+https://github.com/tsurai/rust-mustache.git#517c69e3e525c7a06eb45982c5e99777c5923b44"

[[package]]
name = "url"
version = "0.1.0"
source = "git+https://github.com/servo/rust-url.git#55b18b796ef2cef5490069dd450c60c2cc2c0c1b"
dependencies = [
 "encoding 0.1.0 (git+https://github.com/lifthrasiir/rust-encoding#ff55916fec8b5bf8667a74d5a060c8c951f28fe0)",
]

